
Microsoft Visual Studio Solution File, Format Version 12.00
# Visual Studio Version 17
VisualStudioVersion = 17.4.32804.182
MinimumVisualStudioVersion = 10.0.40219.1
Project("{FAE04EC0-301F-11D3-BF4B-00C04F79EFBC}") = "ParkyAPI", "ParkyAPI\ParkyAPI.csproj", "{7761D949-75AA-403F-93B8-49EA4B63D8B3}"
EndProject
Project("{2150E333-8FDC-42A3-9474-1A3956D46DE8}") = "Solution Items", "Solution Items", "{160B3101-4A3E-4A35-988A-AF09A95199F6}"
	ProjectSection(SolutionItems) = preProject
		.editorconfig = .editorconfig
	EndProjectSection
EndProject
Global
	GlobalSection(SolutionConfigurationPlatforms) = preSolution
		Debug|Any CPU = Debug|Any CPU
		Release|Any CPU = Release|Any CPU
	EndGlobalSection
	GlobalSection(ProjectConfigurationPlatforms) = postSolution
		{7761D949-75AA-403F-93B8-49EA4B63D8B3}.Debug|Any CPU.ActiveCfg = Debug|Any CPU
		{7761D949-75AA-403F-93B8-49EA4B63D8B3}.Debug|Any CPU.Build.0 = Debug|Any CPU
		{7761D949-75AA-403F-93B8-49EA4B63D8B3}.Release|Any CPU.ActiveCfg = Release|Any CPU
		{7761D949-75AA-403F-93B8-49EA4B63D8B3}.Release|Any CPU.Build.0 = Release|Any CPU
	EndGlobalSection
	GlobalSection(SolutionProperties) = preSolution
		HideSolutionNode = FALSE
	EndGlobalSection
	GlobalSection(ExtensibilityGlobals) = postSolution
		SolutionGuid = {AFED8059-9905-4073-91CB-E3BF78FF6BFA}
	EndGlobalSection
EndGlobal
